
Microsoft Visual Studio Solution File, Format Version 12.00
# Visual Studio 14
VisualStudioVersion = 14.0.23107.0
MinimumVisualStudioVersion = 10.0.40219.1
Project("{FAE04EC0-301F-11D3-BF4B-00C04F79EFBC}") = "Zenith.Client.Old", "Zenith.Client\Zenith.Client.Old.csproj", "{888CB5E1-BF5E-44AD-84E7-22EE3E4F60CD}"
EndProject
Project("{2150E333-8FDC-42A3-9474-1A3956D46DE8}") = "ReferencedProjects", "ReferencedProjects", "{D3027ED9-AF60-4F19-AE25-07F550EFAAE6}"
EndProject
Project("{FAE04EC0-301F-11D3-BF4B-00C04F79EFBC}") = "Zenith.Core.Service", "..\Backend\Core\Zenith.Core.Service\Zenith.Core.Service.csproj", "{445F8D0E-DC47-4DE3-92D3-53C868477F23}"
EndProject
Project("{FAE04EC0-301F-11D3-BF4B-00C04F79EFBC}") = "Zenith.Core.Models", "..\Backend\Core\Zenith.Core.Models\Zenith.Core.Models.csproj", "{2078C725-C3CF-4254-9693-E0CAEC1978D5}"
EndProject
Project("{2150E333-8FDC-42A3-9474-1A3956D46DE8}") = "Modules", "Modules", "{E9381979-4864-412F-B32D-B2FF602219D2}"
EndProject
Project("{FAE04EC0-301F-11D3-BF4B-00C04F79EFBC}") = "Zenith.SearchModule", "Zenith.SearchModule\Zenith.SearchModule.csproj", "{97928583-24F4-4BE2-95EB-47DADBBD913C}"
EndProject
Project("{FAE04EC0-301F-11D3-BF4B-00C04F79EFBC}") = "Zenith.FilesModule", "Zenith.FileModule\Zenith.FilesModule.csproj", "{F2C50D66-15FD-432F-8087-BBE3E5A4E8D7}"
EndProject
Project("{FAE04EC0-301F-11D3-BF4B-00C04F79EFBC}") = "Zenith.UI.Tests", "Zenith.UI.Tests\Zenith.UI.Tests.csproj", "{D9324263-1B8E-4458-90DC-9F7ED8E4C4CB}"
EndProject
Project("{FAE04EC0-301F-11D3-BF4B-00C04F79EFBC}") = "Zenith.TelescopeModule", "Zenith.TelescopeModule\Zenith.TelescopeModule.csproj", "{E3E43021-F84A-4394-8DAC-A94BCF4C5D9D}"
EndProject
Project("{FAE04EC0-301F-11D3-BF4B-00C04F79EFBC}") = "Zenith.Core.Devices", "..\Backend\Core\Zenith.Core.Devices\Zenith.Core.Devices.csproj", "{66380067-563F-44FF-9A46-C5A7EBCC1621}"
EndProject
Project("{FAE04EC0-301F-11D3-BF4B-00C04F79EFBC}") = "Zenith.Client.ApplicationServices", "Zenith.Client.ApplicationServices\Zenith.Client.ApplicationServices.csproj", "{C0983A76-8831-4017-9694-5CE67F713D68}"
EndProject
Project("{FAE04EC0-301F-11D3-BF4B-00C04F79EFBC}") = "Zenith.VisualizationModule", "Zenith.VisualizationModule\Zenith.VisualizationModule.csproj", "{23B6015B-3E1D-4C2C-9471-C2F05BFA84D2}"
EndProject
Project("{FAE04EC0-301F-11D3-BF4B-00C04F79EFBC}") = "Zenith.BrowserModule", "Zenith.BrowserModule\Zenith.BrowserModule.csproj", "{9C99A824-3B2A-4B97-8CFC-D0736749B5EA}"
EndProject
Project("{FAE04EC0-301F-11D3-BF4B-00C04F79EFBC}") = "Zenith.ClientApp", "Zenith.ClientApp\Zenith.ClientApp.csproj", "{3643B902-DF01-455E-85F8-18D33EF60EE5}"
EndProject
Project("{FAE04EC0-301F-11D3-BF4B-00C04F79EFBC}") = "Zenith.WorkspaceModule", "Zenith.WorkspaceModule\Zenith.WorkspaceModule.csproj", "{B132626D-7104-4A88-90C8-DFBE0EBB7CCC}"
EndProject
Project("{FAE04EC0-301F-11D3-BF4B-00C04F79EFBC}") = "Zenith.Assets", "..\Shared\Zenith.Global\Zenith.Assets\Zenith.Assets.csproj", "{64238876-8C39-4631-8227-F321128B0C5D}"
EndProject
Project("{FAE04EC0-301F-11D3-BF4B-00C04F79EFBC}") = "Zenith.Client.Shared", "..\Shared\Zenith.Global\Zenith.Client.Shared\Zenith.Client.Shared.csproj", "{35084642-D9A0-4B9E-9216-8E42F52F49F1}"
EndProject
Project("{FAE04EC0-301F-11D3-BF4B-00C04F79EFBC}") = "Zenith.Core.Shared", "..\Shared\Zenith.Global\Zenith.Core.Shared\Zenith.Core.Shared.csproj", "{DD0AFD26-0F92-4D5B-A184-D301B1D11A3F}"
EndProject
Global
	GlobalSection(SolutionConfigurationPlatforms) = preSolution
		Debug|Any CPU = Debug|Any CPU
		Debug|x86 = Debug|x86
		Release|Any CPU = Release|Any CPU
		Release|x86 = Release|x86
	EndGlobalSection
	GlobalSection(ProjectConfigurationPlatforms) = postSolution
		{888CB5E1-BF5E-44AD-84E7-22EE3E4F60CD}.Debug|Any CPU.ActiveCfg = Debug|Any CPU
		{888CB5E1-BF5E-44AD-84E7-22EE3E4F60CD}.Debug|Any CPU.Build.0 = Debug|Any CPU
		{888CB5E1-BF5E-44AD-84E7-22EE3E4F60CD}.Debug|x86.ActiveCfg = Debug|x86
		{888CB5E1-BF5E-44AD-84E7-22EE3E4F60CD}.Release|Any CPU.ActiveCfg = Release|Any CPU
		{888CB5E1-BF5E-44AD-84E7-22EE3E4F60CD}.Release|Any CPU.Build.0 = Release|Any CPU
		{888CB5E1-BF5E-44AD-84E7-22EE3E4F60CD}.Release|x86.ActiveCfg = Release|Any CPU
		{888CB5E1-BF5E-44AD-84E7-22EE3E4F60CD}.Release|x86.Build.0 = Release|Any CPU
		{445F8D0E-DC47-4DE3-92D3-53C868477F23}.Debug|Any CPU.ActiveCfg = Debug|Any CPU
		{445F8D0E-DC47-4DE3-92D3-53C868477F23}.Debug|Any CPU.Build.0 = Debug|Any CPU
		{445F8D0E-DC47-4DE3-92D3-53C868477F23}.Debug|x86.ActiveCfg = Debug|Any CPU
		{445F8D0E-DC47-4DE3-92D3-53C868477F23}.Debug|x86.Build.0 = Debug|Any CPU
		{445F8D0E-DC47-4DE3-92D3-53C868477F23}.Release|Any CPU.ActiveCfg = Release|Any CPU
		{445F8D0E-DC47-4DE3-92D3-53C868477F23}.Release|Any CPU.Build.0 = Release|Any CPU
		{445F8D0E-DC47-4DE3-92D3-53C868477F23}.Release|x86.ActiveCfg = Release|Any CPU
		{445F8D0E-DC47-4DE3-92D3-53C868477F23}.Release|x86.Build.0 = Release|Any CPU
		{2078C725-C3CF-4254-9693-E0CAEC1978D5}.Debug|Any CPU.ActiveCfg = Debug|Any CPU
		{2078C725-C3CF-4254-9693-E0CAEC1978D5}.Debug|Any CPU.Build.0 = Debug|Any CPU
		{2078C725-C3CF-4254-9693-E0CAEC1978D5}.Debug|x86.ActiveCfg = Debug|Any CPU
		{2078C725-C3CF-4254-9693-E0CAEC1978D5}.Debug|x86.Build.0 = Debug|Any CPU
		{2078C725-C3CF-4254-9693-E0CAEC1978D5}.Release|Any CPU.ActiveCfg = Release|Any CPU
		{2078C725-C3CF-4254-9693-E0CAEC1978D5}.Release|Any CPU.Build.0 = Release|Any CPU
		{2078C725-C3CF-4254-9693-E0CAEC1978D5}.Release|x86.ActiveCfg = Release|Any CPU
		{2078C725-C3CF-4254-9693-E0CAEC1978D5}.Release|x86.Build.0 = Release|Any CPU
		{97928583-24F4-4BE2-95EB-47DADBBD913C}.Debug|Any CPU.ActiveCfg = Debug|Any CPU
		{97928583-24F4-4BE2-95EB-47DADBBD913C}.Debug|Any CPU.Build.0 = Debug|Any CPU
		{97928583-24F4-4BE2-95EB-47DADBBD913C}.Debug|x86.ActiveCfg = Debug|Any CPU
		{97928583-24F4-4BE2-95EB-47DADBBD913C}.Debug|x86.Build.0 = Debug|Any CPU
		{97928583-24F4-4BE2-95EB-47DADBBD913C}.Release|Any CPU.ActiveCfg = Release|Any CPU
		{97928583-24F4-4BE2-95EB-47DADBBD913C}.Release|Any CPU.Build.0 = Release|Any CPU
		{97928583-24F4-4BE2-95EB-47DADBBD913C}.Release|x86.ActiveCfg = Release|Any CPU
		{97928583-24F4-4BE2-95EB-47DADBBD913C}.Release|x86.Build.0 = Release|Any CPU
		{F2C50D66-15FD-432F-8087-BBE3E5A4E8D7}.Debug|Any CPU.ActiveCfg = Debug|Any CPU
		{F2C50D66-15FD-432F-8087-BBE3E5A4E8D7}.Debug|Any CPU.Build.0 = Debug|Any CPU
		{F2C50D66-15FD-432F-8087-BBE3E5A4E8D7}.Debug|x86.ActiveCfg = Debug|Any CPU
		{F2C50D66-15FD-432F-8087-BBE3E5A4E8D7}.Debug|x86.Build.0 = Debug|Any CPU
		{F2C50D66-15FD-432F-8087-BBE3E5A4E8D7}.Release|Any CPU.ActiveCfg = Release|Any CPU
		{F2C50D66-15FD-432F-8087-BBE3E5A4E8D7}.Release|Any CPU.Build.0 = Release|Any CPU
		{F2C50D66-15FD-432F-8087-BBE3E5A4E8D7}.Release|x86.ActiveCfg = Release|Any CPU
		{F2C50D66-15FD-432F-8087-BBE3E5A4E8D7}.Release|x86.Build.0 = Release|Any CPU
		{D9324263-1B8E-4458-90DC-9F7ED8E4C4CB}.Debug|Any CPU.ActiveCfg = Debug|Any CPU
		{D9324263-1B8E-4458-90DC-9F7ED8E4C4CB}.Debug|Any CPU.Build.0 = Debug|Any CPU
		{D9324263-1B8E-4458-90DC-9F7ED8E4C4CB}.Debug|x86.ActiveCfg = Debug|Any CPU
		{D9324263-1B8E-4458-90DC-9F7ED8E4C4CB}.Debug|x86.Build.0 = Debug|Any CPU
		{D9324263-1B8E-4458-90DC-9F7ED8E4C4CB}.Release|Any CPU.ActiveCfg = Release|Any CPU
		{D9324263-1B8E-4458-90DC-9F7ED8E4C4CB}.Release|Any CPU.Build.0 = Release|Any CPU
		{D9324263-1B8E-4458-90DC-9F7ED8E4C4CB}.Release|x86.ActiveCfg = Release|Any CPU
		{D9324263-1B8E-4458-90DC-9F7ED8E4C4CB}.Release|x86.Build.0 = Release|Any CPU
		{E3E43021-F84A-4394-8DAC-A94BCF4C5D9D}.Debug|Any CPU.ActiveCfg = Debug|Any CPU
		{E3E43021-F84A-4394-8DAC-A94BCF4C5D9D}.Debug|Any CPU.Build.0 = Debug|Any CPU
		{E3E43021-F84A-4394-8DAC-A94BCF4C5D9D}.Debug|x86.ActiveCfg = Debug|Any CPU
		{E3E43021-F84A-4394-8DAC-A94BCF4C5D9D}.Debug|x86.Build.0 = Debug|Any CPU
		{E3E43021-F84A-4394-8DAC-A94BCF4C5D9D}.Release|Any CPU.ActiveCfg = Release|Any CPU
		{E3E43021-F84A-4394-8DAC-A94BCF4C5D9D}.Release|Any CPU.Build.0 = Release|Any CPU
		{E3E43021-F84A-4394-8DAC-A94BCF4C5D9D}.Release|x86.ActiveCfg = Release|Any CPU
		{E3E43021-F84A-4394-8DAC-A94BCF4C5D9D}.Release|x86.Build.0 = Release|Any CPU
		{66380067-563F-44FF-9A46-C5A7EBCC1621}.Debug|Any CPU.ActiveCfg = Debug|Any CPU
		{66380067-563F-44FF-9A46-C5A7EBCC1621}.Debug|Any CPU.Build.0 = Debug|Any CPU
		{66380067-563F-44FF-9A46-C5A7EBCC1621}.Debug|x86.ActiveCfg = Debug|Any CPU
		{66380067-563F-44FF-9A46-C5A7EBCC1621}.Debug|x86.Build.0 = Debug|Any CPU
		{66380067-563F-44FF-9A46-C5A7EBCC1621}.Release|Any CPU.ActiveCfg = Release|Any CPU
		{66380067-563F-44FF-9A46-C5A7EBCC1621}.Release|Any CPU.Build.0 = Release|Any CPU
		{66380067-563F-44FF-9A46-C5A7EBCC1621}.Release|x86.ActiveCfg = Release|Any CPU
		{66380067-563F-44FF-9A46-C5A7EBCC1621}.Release|x86.Build.0 = Release|Any CPU
		{C0983A76-8831-4017-9694-5CE67F713D68}.Debug|Any CPU.ActiveCfg = Debug|Any CPU
		{C0983A76-8831-4017-9694-5CE67F713D68}.Debug|Any CPU.Build.0 = Debug|Any CPU
		{C0983A76-8831-4017-9694-5CE67F713D68}.Debug|x86.ActiveCfg = Debug|Any CPU
		{C0983A76-8831-4017-9694-5CE67F713D68}.Debug|x86.Build.0 = Debug|Any CPU
		{C0983A76-8831-4017-9694-5CE67F713D68}.Release|Any CPU.ActiveCfg = Release|Any CPU
		{C0983A76-8831-4017-9694-5CE67F713D68}.Release|Any CPU.Build.0 = Release|Any CPU
		{C0983A76-8831-4017-9694-5CE67F713D68}.Release|x86.ActiveCfg = Release|Any CPU
		{C0983A76-8831-4017-9694-5CE67F713D68}.Release|x86.Build.0 = Release|Any CPU
		{23B6015B-3E1D-4C2C-9471-C2F05BFA84D2}.Debug|Any CPU.ActiveCfg = Debug|Any CPU
		{23B6015B-3E1D-4C2C-9471-C2F05BFA84D2}.Debug|Any CPU.Build.0 = Debug|Any CPU
		{23B6015B-3E1D-4C2C-9471-C2F05BFA84D2}.Debug|x86.ActiveCfg = Debug|Any CPU
		{23B6015B-3E1D-4C2C-9471-C2F05BFA84D2}.Debug|x86.Build.0 = Debug|Any CPU
		{23B6015B-3E1D-4C2C-9471-C2F05BFA84D2}.Release|Any CPU.ActiveCfg = Release|Any CPU
		{23B6015B-3E1D-4C2C-9471-C2F05BFA84D2}.Release|Any CPU.Build.0 = Release|Any CPU
		{23B6015B-3E1D-4C2C-9471-C2F05BFA84D2}.Release|x86.ActiveCfg = Release|Any CPU
		{23B6015B-3E1D-4C2C-9471-C2F05BFA84D2}.Release|x86.Build.0 = Release|Any CPU
		{9C99A824-3B2A-4B97-8CFC-D0736749B5EA}.Debug|Any CPU.ActiveCfg = Debug|Any CPU
		{9C99A824-3B2A-4B97-8CFC-D0736749B5EA}.Debug|Any CPU.Build.0 = Debug|Any CPU
		{9C99A824-3B2A-4B97-8CFC-D0736749B5EA}.Debug|x86.ActiveCfg = Debug|x86
		{9C99A824-3B2A-4B97-8CFC-D0736749B5EA}.Debug|x86.Build.0 = Debug|x86
		{9C99A824-3B2A-4B97-8CFC-D0736749B5EA}.Release|Any CPU.ActiveCfg = Release|Any CPU
		{9C99A824-3B2A-4B97-8CFC-D0736749B5EA}.Release|Any CPU.Build.0 = Release|Any CPU
		{9C99A824-3B2A-4B97-8CFC-D0736749B5EA}.Release|x86.ActiveCfg = Release|Any CPU
		{9C99A824-3B2A-4B97-8CFC-D0736749B5EA}.Release|x86.Build.0 = Release|Any CPU
		{3643B902-DF01-455E-85F8-18D33EF60EE5}.Debug|Any CPU.ActiveCfg = Debug|Any CPU
		{3643B902-DF01-455E-85F8-18D33EF60EE5}.Debug|Any CPU.Build.0 = Debug|Any CPU
		{3643B902-DF01-455E-85F8-18D33EF60EE5}.Debug|x86.ActiveCfg = Debug|Any CPU
		{3643B902-DF01-455E-85F8-18D33EF60EE5}.Debug|x86.Build.0 = Debug|Any CPU
		{3643B902-DF01-455E-85F8-18D33EF60EE5}.Release|Any CPU.ActiveCfg = Release|Any CPU
		{3643B902-DF01-455E-85F8-18D33EF60EE5}.Release|Any CPU.Build.0 = Release|Any CPU
		{3643B902-DF01-455E-85F8-18D33EF60EE5}.Release|x86.ActiveCfg = Release|Any CPU
		{3643B902-DF01-455E-85F8-18D33EF60EE5}.Release|x86.Build.0 = Release|Any CPU
		{B132626D-7104-4A88-90C8-DFBE0EBB7CCC}.Debug|Any CPU.ActiveCfg = Debug|Any CPU
		{B132626D-7104-4A88-90C8-DFBE0EBB7CCC}.Debug|Any CPU.Build.0 = Debug|Any CPU
		{B132626D-7104-4A88-90C8-DFBE0EBB7CCC}.Debug|x86.ActiveCfg = Debug|Any CPU
		{B132626D-7104-4A88-90C8-DFBE0EBB7CCC}.Debug|x86.Build.0 = Debug|Any CPU
		{B132626D-7104-4A88-90C8-DFBE0EBB7CCC}.Release|Any CPU.ActiveCfg = Release|Any CPU
		{B132626D-7104-4A88-90C8-DFBE0EBB7CCC}.Release|Any CPU.Build.0 = Release|Any CPU
		{B132626D-7104-4A88-90C8-DFBE0EBB7CCC}.Release|x86.ActiveCfg = Release|Any CPU
		{B132626D-7104-4A88-90C8-DFBE0EBB7CCC}.Release|x86.Build.0 = Release|Any CPU
		{64238876-8C39-4631-8227-F321128B0C5D}.Debug|Any CPU.ActiveCfg = Debug|Any CPU
		{64238876-8C39-4631-8227-F321128B0C5D}.Debug|Any CPU.Build.0 = Debug|Any CPU
		{64238876-8C39-4631-8227-F321128B0C5D}.Debug|x86.ActiveCfg = Debug|Any CPU
		{64238876-8C39-4631-8227-F321128B0C5D}.Debug|x86.Build.0 = Debug|Any CPU
		{64238876-8C39-4631-8227-F321128B0C5D}.Release|Any CPU.ActiveCfg = Release|Any CPU
		{64238876-8C39-4631-8227-F321128B0C5D}.Release|Any CPU.Build.0 = Release|Any CPU
		{64238876-8C39-4631-8227-F321128B0C5D}.Release|x86.ActiveCfg = Release|Any CPU
		{64238876-8C39-4631-8227-F321128B0C5D}.Release|x86.Build.0 = Release|Any CPU
		{35084642-D9A0-4B9E-9216-8E42F52F49F1}.Debug|Any CPU.ActiveCfg = Debug|Any CPU
		{35084642-D9A0-4B9E-9216-8E42F52F49F1}.Debug|Any CPU.Build.0 = Debug|Any CPU
		{35084642-D9A0-4B9E-9216-8E42F52F49F1}.Debug|x86.ActiveCfg = Debug|Any CPU
		{35084642-D9A0-4B9E-9216-8E42F52F49F1}.Debug|x86.Build.0 = Debug|Any CPU
		{35084642-D9A0-4B9E-9216-8E42F52F49F1}.Release|Any CPU.ActiveCfg = Release|Any CPU
		{35084642-D9A0-4B9E-9216-8E42F52F49F1}.Release|Any CPU.Build.0 = Release|Any CPU
		{35084642-D9A0-4B9E-9216-8E42F52F49F1}.Release|x86.ActiveCfg = Release|Any CPU
		{35084642-D9A0-4B9E-9216-8E42F52F49F1}.Release|x86.Build.0 = Release|Any CPU
		{DD0AFD26-0F92-4D5B-A184-D301B1D11A3F}.Debug|Any CPU.ActiveCfg = Debug|Any CPU
		{DD0AFD26-0F92-4D5B-A184-D301B1D11A3F}.Debug|Any CPU.Build.0 = Debug|Any CPU
		{DD0AFD26-0F92-4D5B-A184-D301B1D11A3F}.Debug|x86.ActiveCfg = Debug|Any CPU
		{DD0AFD26-0F92-4D5B-A184-D301B1D11A3F}.Debug|x86.Build.0 = Debug|Any CPU
		{DD0AFD26-0F92-4D5B-A184-D301B1D11A3F}.Release|Any CPU.ActiveCfg = Release|Any CPU
		{DD0AFD26-0F92-4D5B-A184-D301B1D11A3F}.Release|Any CPU.Build.0 = Release|Any CPU
		{DD0AFD26-0F92-4D5B-A184-D301B1D11A3F}.Release|x86.ActiveCfg = Release|Any CPU
		{DD0AFD26-0F92-4D5B-A184-D301B1D11A3F}.Release|x86.Build.0 = Release|Any CPU
	EndGlobalSection
	GlobalSection(SolutionProperties) = preSolution
		HideSolutionNode = FALSE
	EndGlobalSection
	GlobalSection(NestedProjects) = preSolution
		{445F8D0E-DC47-4DE3-92D3-53C868477F23} = {D3027ED9-AF60-4F19-AE25-07F550EFAAE6}
		{2078C725-C3CF-4254-9693-E0CAEC1978D5} = {D3027ED9-AF60-4F19-AE25-07F550EFAAE6}
		{97928583-24F4-4BE2-95EB-47DADBBD913C} = {E9381979-4864-412F-B32D-B2FF602219D2}
		{F2C50D66-15FD-432F-8087-BBE3E5A4E8D7} = {E9381979-4864-412F-B32D-B2FF602219D2}
		{E3E43021-F84A-4394-8DAC-A94BCF4C5D9D} = {E9381979-4864-412F-B32D-B2FF602219D2}
		{66380067-563F-44FF-9A46-C5A7EBCC1621} = {D3027ED9-AF60-4F19-AE25-07F550EFAAE6}
		{23B6015B-3E1D-4C2C-9471-C2F05BFA84D2} = {E9381979-4864-412F-B32D-B2FF602219D2}
		{9C99A824-3B2A-4B97-8CFC-D0736749B5EA} = {E9381979-4864-412F-B32D-B2FF602219D2}
		{B132626D-7104-4A88-90C8-DFBE0EBB7CCC} = {E9381979-4864-412F-B32D-B2FF602219D2}
		{64238876-8C39-4631-8227-F321128B0C5D} = {D3027ED9-AF60-4F19-AE25-07F550EFAAE6}
		{35084642-D9A0-4B9E-9216-8E42F52F49F1} = {D3027ED9-AF60-4F19-AE25-07F550EFAAE6}
		{DD0AFD26-0F92-4D5B-A184-D301B1D11A3F} = {D3027ED9-AF60-4F19-AE25-07F550EFAAE6}
	EndGlobalSection
EndGlobal
